{
  "name": "esnext-cctalk-examples",
  "version": "0.0.0",
  "lockfileVersion": 2,
  "requires": true,
  "packages": {
    "": {
      "name": "esnext-cctalk-examples",
      "version": "0.0.0",
      "license": "Apache-2.0",
      "dependencies": {
        "esnext-cctalk": "file:../esnext-cctalk"
      }
    },
    "..": {
      "version": "0.1.5",
      "license": "Apache-2.0",
      "devDependencies": {
        "@types/debug": "^4.1.5",
        "@types/mocha": "^8.2.2",
        "@types/node": "^15.12.1",
        "@types/serialport": "^8.0.1",
        "debug": "^4.3.1",
        "mocha": "^9.0.0",
        "node-crc": "^2.0.9",
        "prettier": "2.3.1"
      }
    },
    "../esnext-cctalk": {},
    "node_modules/esnext-cctalk": {
      "resolved": "../esnext-cctalk",
      "link": true
    }
  },
  "dependencies": {
    "esnext-cctalk": {
      "version": "file:../esnext-cctalk"
    }
  }
}
